schema: '2.0'
stages:
  data_ingestion:
    cmd: python src/cnnClassifier/pipeline/stage_01_data_ingestion.py
    deps:
    - path: config/config.yaml
      hash: md5
      md5: fd304a8812dbbe32fc010bf671b5326d
      size: 779
    - path: src/cnnClassifier/pipeline/stage_01_data_ingestion.py
      hash: md5
      md5: 3f681b9504862eacb924223e1c41e2f0
      size: 882
    outs:
    - path: artifacts/data_ingestion/Chicken-fecal-images
      hash: md5
      md5: 9e1f8dd2eae3c29e9d635df89d438ae4.dir
      size: 12207807
      nfiles: 390
  prepare_base_model:
    cmd: python src/cnnClassifier/pipeline/stage_02_prepare_base_model.py
    deps:
    - path: config/config.yaml
      hash: md5
      md5: fd304a8812dbbe32fc010bf671b5326d
      size: 779
    - path: src/cnnClassifier/pipeline/stage_02_prepare_base_model.py
      hash: md5
      md5: dfd450401475fb2c9f715b8dbfb9821a
      size: 963
    params:
      params.yaml:
        CLASSES: 2
        IMAGE_SIZE:
        - 224
        - 224
        - 3
        INCLUDE_TOP: false
        LEARNING_RATE: 0.01
        WEIGHTS: imagenet
    outs:
    - path: artifacts/prepare_base_model
      hash: md5
      md5: f445a45bc76c1280a74ebc7666df01d8.dir
      size: 118059248
      nfiles: 2
  training:
    cmd: python src/cnnClassifier/pipeline/stage_03_training.py
    deps:
    - path: artifacts/data_ingestion/Chicken-fecal-images
      hash: md5
      md5: 9e1f8dd2eae3c29e9d635df89d438ae4.dir
      size: 12207807
      nfiles: 390
    - path: artifacts/prepare_base_model
      hash: md5
      md5: f445a45bc76c1280a74ebc7666df01d8.dir
      size: 118059248
      nfiles: 2
    - path: config/config.yaml
      hash: md5
      md5: fd304a8812dbbe32fc010bf671b5326d
      size: 779
    - path: src/cnnClassifier/components/prepare_callbacks.py
      hash: md5
      md5: e9d296ee15addbabcd4efc000c7c1035
      size: 967
    - path: src/cnnClassifier/pipeline/stage_03_training.py
      hash: md5
      md5: 421e20f5ea25c068fceede1eef97e711
      size: 1219
    params:
      params.yaml:
        AUGMENTATION: true
        BATCH_SIZE: 16
        EPOCHS: 1
        IMAGE_SIZE:
        - 224
        - 224
        - 3
    outs:
    - path: artifacts/training/model.h5
      hash: md5
      md5: 4b8d78d5c2c681a095c41ecab3d02a16
      size: 59340720
  evaluation:
    cmd: python src/cnnClassifier/pipeline/stage_04_evaluation.py
    deps:
    - path: artifacts/data_ingestion/Chicken-fecal-images
      hash: md5
      md5: 9e1f8dd2eae3c29e9d635df89d438ae4.dir
      size: 12207807
      nfiles: 390
    - path: artifacts/training/model.h5
      hash: md5
      md5: 4b8d78d5c2c681a095c41ecab3d02a16
      size: 59340720
    - path: config/config.yaml
      hash: md5
      md5: fd304a8812dbbe32fc010bf671b5326d
      size: 779
    - path: src/cnnClassifier/pipeline/stage_04_evaluation.py
      hash: md5
      md5: 7bf2c0054e5b45c6a2d3e3056eb8eb00
      size: 845
    params:
      params.yaml:
        BATCH_SIZE: 16
        IMAGE_SIZE:
        - 224
        - 224
        - 3
    outs:
    - path: scores.json
      hash: md5
      md5: a7bb4ffd749ed0df2c7bb87e192a051c
      size: 55
